
Microsoft Visual Studio Solution File, Format Version 12.00
# Visual Studio Version 16
VisualStudioVersion = 16.0.29728.190
MinimumVisualStudioVersion = 10.0.40219.1
Project("{FAE04EC0-301F-11D3-BF4B-00C04F79EFBC}") = "adm_centro_educativo", "adm_centro_educativo\adm_centro_educativo.csproj", "{9E516C02-F1C5-40B0-8887-8F832720A19D}"
EndProject
Global
	GlobalSection(SolutionConfigurationPlatforms) = preSolution
		Debug|Any CPU = Debug|Any CPU
		Release|Any CPU = Release|Any CPU
	EndGlobalSection
	GlobalSection(ProjectConfigurationPlatforms) = postSolution
		{9E516C02-F1C5-40B0-8887-8F832720A19D}.Debug|Any CPU.ActiveCfg = Debug|Any CPU
		{9E516C02-F1C5-40B0-8887-8F832720A19D}.Debug|Any CPU.Build.0 = Debug|Any CPU
		{9E516C02-F1C5-40B0-8887-8F832720A19D}.Release|Any CPU.ActiveCfg = Release|Any CPU
		{9E516C02-F1C5-40B0-8887-8F832720A19D}.Release|Any CPU.Build.0 = Release|Any CPU
	EndGlobalSection
	GlobalSection(SolutionProperties) = preSolution
		HideSolutionNode = FALSE
	EndGlobalSection
	GlobalSection(ExtensibilityGlobals) = postSolution
		SolutionGuid = {B457E943-6C08-4961-B8E5-A9C114395D31}
	EndGlobalSection
EndGlobal
